
Microsoft Visual Studio Solution File, Format Version 12.00
Project("{FAE04EC0-301F-11D3-BF4B-00C04F79EFBC}") = "Microservice.DomainModelingBuildingBlocks", "Microservice.DomainModelingBuildingBlocks\Microservice.DomainModelingBuildingBlocks.csproj", "{2CC7D035-8D18-46A5-A68B-45F72431EB87}"
EndProject
Global
	GlobalSection(SolutionConfigurationPlatforms) = preSolution
		Debug|Any CPU = Debug|Any CPU
		Release|Any CPU = Release|Any CPU
	EndGlobalSection
	GlobalSection(ProjectConfigurationPlatforms) = postSolution
		{2CC7D035-8D18-46A5-A68B-45F72431EB87}.Debug|Any CPU.ActiveCfg = Debug|Any CPU
		{2CC7D035-8D18-46A5-A68B-45F72431EB87}.Debug|Any CPU.Build.0 = Debug|Any CPU
		{2CC7D035-8D18-46A5-A68B-45F72431EB87}.Release|Any CPU.ActiveCfg = Release|Any CPU
		{2CC7D035-8D18-46A5-A68B-45F72431EB87}.Release|Any CPU.Build.0 = Release|Any CPU
	EndGlobalSection
EndGlobal
